Microsoft Visual Studio Solution File, Format Version 11.00
# Visual Studio 2008

Project("{96211E19-188F-9296-2B6E-18A061ABCD09}") = "Supreme Annihilation Totally Commanded", "Assembly-CSharp-firstpass-vs.csproj", "{F7BB1A14-A465-1480-ABDB-A7C2EAA2D754}"
EndProject
Project("{96211E19-188F-9296-2B6E-18A061ABCD09}") = "Supreme Annihilation Totally Commanded", "Assembly-CSharp-vs.csproj", "{88210063-D003-44CA-B6F5-23849AD7B136}"
EndProject
Project("{96211E19-188F-9296-2B6E-18A061ABCD09}") = "Supreme Annihilation Totally Commanded", "Assembly-CSharp-Editor-vs.csproj", "{3AD6DA23-E74D-EAFD-CC3E-52352D77BDA3}"
EndProject
Global
	GlobalSection(SolutionConfigurationPlatforms) = preSolution
		Debug|Any CPU = Debug|Any CPU
		Release|Any CPU = Release|Any CPU
	EndGlobalSection
	GlobalSection(ProjectConfigurationPlatforms) = postSolution
		{F7BB1A14-A465-1480-ABDB-A7C2EAA2D754}.Debug|Any CPU.ActiveCfg = Debug|Any CPU
		{F7BB1A14-A465-1480-ABDB-A7C2EAA2D754}.Debug|Any CPU.Build.0 = Debug|Any CPU
		{F7BB1A14-A465-1480-ABDB-A7C2EAA2D754}.Release|Any CPU.ActiveCfg = Release|Any CPU
		{F7BB1A14-A465-1480-ABDB-A7C2EAA2D754}.Release|Any CPU.Build.0 = Release|Any CPU
		{88210063-D003-44CA-B6F5-23849AD7B136}.Debug|Any CPU.ActiveCfg = Debug|Any CPU
		{88210063-D003-44CA-B6F5-23849AD7B136}.Debug|Any CPU.Build.0 = Debug|Any CPU
		{88210063-D003-44CA-B6F5-23849AD7B136}.Release|Any CPU.ActiveCfg = Release|Any CPU
		{88210063-D003-44CA-B6F5-23849AD7B136}.Release|Any CPU.Build.0 = Release|Any CPU
		{3AD6DA23-E74D-EAFD-CC3E-52352D77BDA3}.Debug|Any CPU.ActiveCfg = Debug|Any CPU
		{3AD6DA23-E74D-EAFD-CC3E-52352D77BDA3}.Debug|Any CPU.Build.0 = Debug|Any CPU
		{3AD6DA23-E74D-EAFD-CC3E-52352D77BDA3}.Release|Any CPU.ActiveCfg = Release|Any CPU
		{3AD6DA23-E74D-EAFD-CC3E-52352D77BDA3}.Release|Any CPU.Build.0 = Release|Any CPU
	EndGlobalSection
	GlobalSection(SolutionProperties) = preSolution
		HideSolutionNode = FALSE
	EndGlobalSection
				GlobalSection(MonoDevelopProperties) = preSolution
		StartupItem = Assembly-CSharp.csproj
		Policies = $0
		$0.TextStylePolicy = $1
		$1.inheritsSet = null
		$1.scope = text/x-csharp
		$0.CSharpFormattingPolicy = $2
		$2.inheritsSet = Mono
		$2.inheritsScope = text/x-csharp
		$2.scope = text/x-csharp
		$0.TextStylePolicy = $3
		$3.FileWidth = 120
		$3.TabWidth = 4
		$3.IndentWidth = 4
		$3.EolMarker = Unix
		$3.inheritsSet = Mono
		$3.inheritsScope = text/plain
		$3.scope = text/plain
	EndGlobalSection

EndGlobal
